// !$*UTF8*$!
{
	archiveVersion = 1;
	classes = {
	};
	objectVersion = 46;
	objects = {

/* Begin PBXBuildFile section */
		20031C331AE540E900F73E01 /* GameStatusX.swift in Sources */ = {isa = PBXBuildFile; fileRef = 20031C321AE540E900F73E01 /* GameStatusX.swift */; };
		20031C381AE54AC900F73E01 /* CloudData.swift in Sources */ = {isa = PBXBuildFile; fileRef = 20031C371AE54AC900F73E01 /* CloudData.swift */; };
		200348C31AF253AB004C4F76 /* pfeillinks.png in Resources */ = {isa = PBXBuildFile; fileRef = 200348C21AF253AB004C4F76 /* pfeillinks.png */; };
		200348C51AF25730004C4F76 /* DrawImages.swift in Sources */ = {isa = PBXBuildFile; fileRef = 200348C41AF25730004C4F76 /* DrawImages.swift */; };
		200398511AF8D87600F95E7A /* MyDevice.swift in Sources */ = {isa = PBXBuildFile; fileRef = 200398501AF8D87600F95E7A /* MyDevice.swift */; };
		2003C9311AE7E7E100537ED9 /* GameStatus.swift in Sources */ = {isa = PBXBuildFile; fileRef = 2003C9301AE7E7E100537ED9 /* GameStatus.swift */; };
		20064CF71AE6C10200375D51 /* CloudKit.framework in Frameworks */ = {isa = PBXBuildFile; fileRef = 20064CF61AE6C10200375D51 /* CloudKit.framework */; };
		20079F341ADE9D8A006F2972 /* JLinesV2.xcdatamodeld in Sources */ = {isa = PBXBuildFile; fileRef = 20079F321ADE9D8A006F2972 /* JLinesV2.xcdatamodeld */; };
		20079F3C1ADEA755006F2972 /* CoreAudio.framework in Frameworks */ = {isa = PBXBuildFile; fileRef = 20079F3B1ADEA755006F2972 /* CoreAudio.framework */; };
		2007DFFD1AF0F532005DF578 /* MyButton.swift in Sources */ = {isa = PBXBuildFile; fileRef = 2007DFFC1AF0F532005DF578 /* MyButton.swift */; };
		2009B08F1AB30EAD00452C4C /* AppDelegate.swift in Sources */ = {isa = PBXBuildFile; fileRef = 2009B08E1AB30EAD00452C4C /* AppDelegate.swift */; };
		2009B0941AB30EAD00452C4C /* ViewController.swift in Sources */ = {isa = PBXBuildFile; fileRef = 2009B0931AB30EAD00452C4C /* ViewController.swift */; };
		2009B0991AB30EAD00452C4C /* Images.xcassets in Resources */ = {isa = PBXBuildFile; fileRef = 2009B0981AB30EAD00452C4C /* Images.xcassets */; };
		2009B09C1AB30EAD00452C4C /* LaunchScreen.xib in Resources */ = {isa = PBXBuildFile; fileRef = 2009B09A1AB30EAD00452C4C /* LaunchScreen.xib */; };
		2009B0A81AB30EAD00452C4C /* JLinesV2Tests.swift in Sources */ = {isa = PBXBuildFile; fileRef = 2009B0A71AB30EAD00452C4C /* JLinesV2Tests.swift */; };
		2009B0B21AB30F5200452C4C /* Main.storyboard in Resources */ = {isa = PBXBuildFile; fileRef = 2009B0B11AB30F5200452C4C /* Main.storyboard */; };
		2009B0B41AB30F6100452C4C /* ChoosViewController.swift in Sources */ = {isa = PBXBuildFile; fileRef = 2009B0B31AB30F6100452C4C /* ChoosViewController.swift */; };
		2009B0C21AB30F7700452C4C /* PagedViewController.swift in Sources */ = {isa = PBXBuildFile; fileRef = 2009B0B51AB30F7700452C4C /* PagedViewController.swift */; };
		2009B0C31AB30F7700452C4C /* MyScrollView.swift in Sources */ = {isa = PBXBuildFile; fileRef = 2009B0B61AB30F7700452C4C /* MyScrollView.swift */; };
		2009B0C41AB30F7700452C4C /* Game.swift in Sources */ = {isa = PBXBuildFile; fileRef = 2009B0B71AB30F7700452C4C /* Game.swift */; };
		2009B0C51AB30F7700452C4C /* MyGameView.swift in Sources */ = {isa = PBXBuildFile; fileRef = 2009B0B81AB30F7700452C4C /* MyGameView.swift */; };
		2009B0C61AB30F7700452C4C /* GameBoardOrig.swift in Sources */ = {isa = PBXBuildFile; fileRef = 2009B0B91AB30F7700452C4C /* GameBoardOrig.swift */; };
		2009B0C71AB30F7800452C4C /* Point.swift in Sources */ = {isa = PBXBuildFile; fileRef = 2009B0BA1AB30F7700452C4C /* Point.swift */; };
		2009B0C81AB30F7800452C4C /* MySet.swift in Sources */ = {isa = PBXBuildFile; fileRef = 2009B0BB1AB30F7700452C4C /* MySet.swift */; };
		2009B0C91AB30F7800452C4C /* Line.swift in Sources */ = {isa = PBXBuildFile; fileRef = 2009B0BC1AB30F7700452C4C /* Line.swift */; };
		2009B0CA1AB30F7800452C4C /* SettingsViewController.swift in Sources */ = {isa = PBXBuildFile; fileRef = 2009B0BD1AB30F7700452C4C /* SettingsViewController.swift */; };
		2009B0CB1AB30F7800452C4C /* Package.swift in Sources */ = {isa = PBXBuildFile; fileRef = 2009B0BE1AB30F7700452C4C /* Package.swift */; };
		2009B0CC1AB30F7800452C4C /* SwiftyJSON.swift in Sources */ = {isa = PBXBuildFile; fileRef = 2009B0BF1AB30F7700452C4C /* SwiftyJSON.swift */; };
		2009B0CD1AB30F7800452C4C /* Array2D.swift in Sources */ = {isa = PBXBuildFile; fileRef = 2009B0C01AB30F7700452C4C /* Array2D.swift */; };
		2009B0CE1AB30F7800452C4C /* Extensions.swift in Sources */ = {isa = PBXBuildFile; fileRef = 2009B0C11AB30F7700452C4C /* Extensions.swift */; };
		2009B0D31AB30F8500452C4C /* RegularPack.json in Resources */ = {isa = PBXBuildFile; fileRef = 2009B0CF1AB30F8500452C4C /* RegularPack.json */; };
		2009B0D41AB30F8500452C4C /* BonusPack.json in Resources */ = {isa = PBXBuildFile; fileRef = 2009B0D01AB30F8500452C4C /* BonusPack.json */; };
		2009B0D51AB30F8500452C4C /* GreenPack.json in Resources */ = {isa = PBXBuildFile; fileRef = 2009B0D11AB30F8500452C4C /* GreenPack.json */; };
		2009DB301ADE58B800D021DA /* DataStore.swift in Sources */ = {isa = PBXBuildFile; fileRef = 2009DB2F1ADE58B800D021DA /* DataStore.swift */; };
		200A7CE21B0B84330015F20D /* JoyStick.swift in Sources */ = {isa = PBXBuildFile; fileRef = 200A7CE11B0B84330015F20D /* JoyStick.swift */; };
		200AF4211AE26CA00055D2D6 /* MyStructs.swift in Sources */ = {isa = PBXBuildFile; fileRef = 200AF4201AE26CA00055D2D6 /* MyStructs.swift */; };
		200AF4231AE299A00055D2D6 /* back.jpg in Resources */ = {isa = PBXBuildFile; fileRef = 200AF4221AE299A00055D2D6 /* back.jpg */; };
		2054CF431B0353F500B9546C /* GameBoardNew.swift in Sources */ = {isa = PBXBuildFile; fileRef = 2054CF421B0353F500B9546C /* GameBoardNew.swift */; };
		20C6C2201AD94B9C00E8FFA7 /* hu.json in Resources */ = {isa = PBXBuildFile; fileRef = 20C6C21F1AD94B9C00E8FFA7 /* hu.json */; };
		20C6C2221AD94BCC00E8FFA7 /* ru.json in Resources */ = {isa = PBXBuildFile; fileRef = 20C6C2211AD94BCC00E8FFA7 /* ru.json */; };
		20C6C2241AD94BE100E8FFA7 /* de.json in Resources */ = {isa = PBXBuildFile; fileRef = 20C6C2231AD94BE100E8FFA7 /* de.json */; };
		20C6C2261AD94BF600E8FFA7 /* en.json in Resources */ = {isa = PBXBuildFile; fileRef = 20C6C2251AD94BF600E8FFA7 /* en.json */; };
		20D85AF91AC95E370020D25A /* MyLayer.swift in Sources */ = {isa = PBXBuildFile; fileRef = 20D85AF81AC95E370020D25A /* MyLayer.swift */; };
		20DA4BE51ADC17CD006C7BE5 /* settings.jpg in Resources */ = {isa = PBXBuildFile; fileRef = 20DA4BE41ADC17CD006C7BE5 /* settings.jpg */; };
		20E27AC61AD4147700EA4BC1 /* FirstPack.json in Resources */ = {isa = PBXBuildFile; fileRef = 20E27AC51AD4147700EA4BC1 /* FirstPack.json */; };
		20E2EC4F1AD6C7B800E710BC /* Language.swift in Sources */ = {isa = PBXBuildFile; fileRef = 20E2EC4E1AD6C7B800E710BC /* Language.swift */; };
		20E2EC511AD6C7FE00E710BC /* LanguageTest.json in Resources */ = {isa = PBXBuildFile; fileRef = 20E2EC501AD6C7FE00E710BC /* LanguageTest.json */; };
		20E7C3881AD7F6BE00E6DF7E /* TableViewController.swift in Sources */ = {isa = PBXBuildFile; fileRef = 20E7C3871AD7F6BE00E6DF7E /* TableViewController.swift */; };
		20EB5ECF1AD534000095963C /* repeat.jpg in Resources */ = {isa = PBXBuildFile; fileRef = 20EB5ECC1AD534000095963C /* repeat.jpg */; };
		20EB5ED01AD534000095963C /* pfeillinks.jpg in Resources */ = {isa = PBXBuildFile; fileRef = 20EB5ECD1AD534000095963C /* pfeillinks.jpg */; };
		20EB5ED11AD534000095963C /* pfeilrechts.jpg in Resources */ = {isa = PBXBuildFile; fileRef = 20EB5ECE1AD534000095963C /* pfeilrechts.jpg */; };
/* End PBXBuildFile section */

/* Begin PBXContainerItemProxy section */
		2009B0A21AB30EAD00452C4C /* PBXContainerItemProxy */ = {
			isa = PBXContainerItemProxy;
			containerPortal = 2009B0811AB30EAD00452C4C /* Project object */;
			proxyType = 1;
			remoteGlobalIDString = 2009B0881AB30EAD00452C4C;
			remoteInfo = JLinesV2;
		};
/* End PBXContainerItemProxy section */

/* Begin PBXFileReference section */
		20031C321AE540E900F73E01 /* GameStatusX.swift */ = {isa = PBXFileReference; fileEncoding = 4; lastKnownFileType = sourcecode.swift; path = GameStatusX.swift; sourceTree = "<group>"; };
		20031C341AE5438500F73E01 /* JLinesV2.entitlements */ = {isa = PBXFileReference; lastKnownFileType = text.xml; path = JLinesV2.entitlements; sourceTree = "<group>"; };
		20031C371AE54AC900F73E01 /* CloudData.swift */ = {isa = PBXFileReference; fileEncoding = 4; lastKnownFileType = sourcecode.swift; path = CloudData.swift; sourceTree = "<group>"; };
		200348C21AF253AB004C4F76 /* pfeillinks.png */ = {isa = PBXFileReference; lastKnownFileType = image.png; name = pfeillinks.png; path = "../../../../../../Pictures/iPhoto-Mediathek.photolibrary/Masters/2015/04/30/20150430-141153/pfeillinks.png"; sourceTree = "<group>"; };
		200348C41AF25730004C4F76 /* DrawImages.swift */ = {isa = PBXFileReference; fileEncoding = 4; lastKnownFileType = sourcecode.swift; path = DrawImages.swift; sourceTree = "<group>"; };
		200398501AF8D87600F95E7A /* MyDevice.swift */ = {isa = PBXFileReference; fileEncoding = 4; lastKnownFileType = sourcecode.swift; path = MyDevice.swift; sourceTree = "<group>"; };
		2003C9301AE7E7E100537ED9 /* GameStatus.swift */ = {isa = PBXFileReference; fileEncoding = 4; lastKnownFileType = sourcecode.swift; name = GameStatus.swift; path = JLinesV2.xcodeproj/../GameStatus.swift; sourceTree = SOURCE_ROOT; };
		20064CF61AE6C10200375D51 /* CloudKit.framework */ = {isa = PBXFileReference; lastKnownFileType = wrapper.framework; name = CloudKit.framework; path = System/Library/Frameworks/CloudKit.framework; sourceTree = SDKROOT; };
		20079F331ADE9D8A006F2972 /* JLinesV2.xcdatamodel */ = {isa = PBXFileReference; lastKnownFileType = wrapper.xcdatamodel; path = JLinesV2.xcdatamodel; sourceTree = "<group>"; };
		20079F3B1ADEA755006F2972 /* CoreAudio.framework */ = {isa = PBXFileReference; lastKnownFileType = wrapper.framework; name = CoreAudio.framework; path = System/Library/Frameworks/CoreAudio.framework; sourceTree = SDKROOT; };
		2007DFFC1AF0F532005DF578 /* MyButton.swift */ = {isa = PBXFileReference; fileEncoding = 4; lastKnownFileType = sourcecode.swift; path = MyButton.swift; sourceTree = "<group>"; };
		2009B0891AB30EAD00452C4C /* JLinesV2.app */ = {isa = PBXFileReference; explicitFileType = wrapper.application; includeInIndex = 0; path = JLinesV2.app; sourceTree = BUILT_PRODUCTS_DIR; };
		2009B08D1AB30EAD00452C4C /* Info.plist */ = {isa = PBXFileReference; lastKnownFileType = text.plist.xml; path = Info.plist; sourceTree = "<group>"; };
		2009B08E1AB30EAD00452C4C /* AppDelegate.swift */ = {isa = PBXFileReference; lastKnownFileType = sourcecode.swift; path = AppDelegate.swift; sourceTree = "<group>"; };
		2009B0931AB30EAD00452C4C /* ViewController.swift */ = {isa = PBXFileReference; lastKnownFileType = sourcecode.swift; path = ViewController.swift; sourceTree = "<group>"; };
		2009B0981AB30EAD00452C4C /* Images.xcassets */ = {isa = PBXFileReference; lastKnownFileType = folder.assetcatalog; path = Images.xcassets; sourceTree = "<group>"; };
		2009B09B1AB30EAD00452C4C /* Base */ = {isa = PBXFileReference; lastKnownFileType = file.xib; name = Base; path = Base.lproj/LaunchScreen.xib; sourceTree = "<group>"; };
		2009B0A11AB30EAD00452C4C /* JLinesV2Tests.xctest */ = {isa = PBXFileReference; explicitFileType = wrapper.cfbundle; includeInIndex = 0; path = JLinesV2Tests.xctest; sourceTree = BUILT_PRODUCTS_DIR; };
		2009B0A61AB30EAD00452C4C /* Info.plist */ = {isa = PBXFileReference; lastKnownFileType = text.plist.xml; path = Info.plist; sourceTree = "<group>"; };
		2009B0A71AB30EAD00452C4C /* JLinesV2Tests.swift */ = {isa = PBXFileReference; lastKnownFileType = sourcecode.swift; path = JLinesV2Tests.swift; sourceTree = "<group>"; };
		2009B0B11AB30F5200452C4C /* Main.storyboard */ = {isa = PBXFileReference; fileEncoding = 4; lastKnownFileType = file.storyboard; path = Main.storyboard; sourceTree = "<group>"; };
		2009B0B31AB30F6100452C4C /* ChoosViewController.swift */ = {isa = PBXFileReference; fileEncoding = 4; lastKnownFileType = sourcecode.swift; lineEnding = 0; path = ChoosViewController.swift; sourceTree = "<group>"; xcLanguageSpecificationIdentifier = xcode.lang.swift; };
		2009B0B51AB30F7700452C4C /* PagedViewController.swift */ = {isa = PBXFileReference; fileEncoding = 4; lastKnownFileType = sourcecode.swift; path = PagedViewController.swift; sourceTree = "<group>"; };
		2009B0B61AB30F7700452C4C /* MyScrollView.swift */ = {isa = PBXFileReference; fileEncoding = 4; lastKnownFileType = sourcecode.swift; path = MyScrollView.swift; sourceTree = "<group>"; };
		2009B0B71AB30F7700452C4C /* Game.swift */ = {isa = PBXFileReference; fileEncoding = 4; lastKnownFileType = sourcecode.swift; lineEnding = 0; path = Game.swift; sourceTree = "<group>"; xcLanguageSpecificationIdentifier = xcode.lang.swift; };
		2009B0B81AB30F7700452C4C /* MyGameView.swift */ = {isa = PBXFileReference; fileEncoding = 4; lastKnownFileType = sourcecode.swift; path = MyGameView.swift; sourceTree = "<group>"; };
		2009B0B91AB30F7700452C4C /* GameBoardOrig.swift */ = {isa = PBXFileReference; fileEncoding = 4; lastKnownFileType = sourcecode.swift; path = GameBoardOrig.swift; sourceTree = "<group>"; };
		2009B0BA1AB30F7700452C4C /* Point.swift */ = {isa = PBXFileReference; fileEncoding = 4; lastKnownFileType = sourcecode.swift; path = Point.swift; sourceTree = "<group>"; };
		2009B0BB1AB30F7700452C4C /* MySet.swift */ = {isa = PBXFileReference; fileEncoding = 4; lastKnownFileType = sourcecode.swift; path = MySet.swift; sourceTree = "<group>"; };
		2009B0BC1AB30F7700452C4C /* Line.swift */ = {isa = PBXFileReference; fileEncoding = 4; lastKnownFileType = sourcecode.swift; path = Line.swift; sourceTree = "<group>"; };
		2009B0BD1AB30F7700452C4C /* SettingsViewController.swift */ = {isa = PBXFileReference; fileEncoding = 4; lastKnownFileType = sourcecode.swift; path = SettingsViewController.swift; sourceTree = "<group>"; };
		2009B0BE1AB30F7700452C4C /* Package.swift */ = {isa = PBXFileReference; fileEncoding = 4; lastKnownFileType = sourcecode.swift; path = Package.swift; sourceTree = "<group>"; };
		2009B0BF1AB30F7700452C4C /* SwiftyJSON.swift */ = {isa = PBXFileReference; fileEncoding = 4; lastKnownFileType = sourcecode.swift; path = SwiftyJSON.swift; sourceTree = "<group>"; };
		2009B0C01AB30F7700452C4C /* Array2D.swift */ = {isa = PBXFileReference; fileEncoding = 4; lastKnownFileType = sourcecode.swift; path = Array2D.swift; sourceTree = "<group>"; };
		2009B0C11AB30F7700452C4C /* Extensions.swift */ = {isa = PBXFileReference; fileEncoding = 4; lastKnownFileType = sourcecode.swift; path = Extensions.swift; sourceTree = "<group>"; };
		2009B0CF1AB30F8500452C4C /* RegularPack.json */ = {isa = PBXFileReference; fileEncoding = 4; lastKnownFileType = text.json; path = RegularPack.json; sourceTree = "<group>"; };
		2009B0D01AB30F8500452C4C /* BonusPack.json */ = {isa = PBXFileReference; fileEncoding = 4; lastKnownFileType = text.json; path = BonusPack.json; sourceTree = "<group>"; };
		2009B0D11AB30F8500452C4C /* GreenPack.json */ = {isa = PBXFileReference; fileEncoding = 4; lastKnownFileType = text.json; path = GreenPack.json; sourceTree = "<group>"; };
		2009B0D21AB30F8500452C4C /* MyPlayground.playground */ = {isa = PBXFileReference; lastKnownFileType = file.playground; path = MyPlayground.playground; sourceTree = "<group>"; };
		2009DB2F1ADE58B800D021DA /* DataStore.swift */ = {isa = PBXFileReference; fileEncoding = 4; lastKnownFileType = sourcecode.swift; lineEnding = 0; path = DataStore.swift; sourceTree = "<group>"; xcLanguageSpecificationIdentifier = xcode.lang.swift; };
		200A7CE11B0B84330015F20D /* JoyStick.swift */ = {isa = PBXFileReference; fileEncoding = 4; lastKnownFileType = sourcecode.swift; path = JoyStick.swift; sourceTree = "<group>"; };
		200AF4201AE26CA00055D2D6 /* MyStructs.swift */ = {isa = PBXFileReference; fileEncoding = 4; lastKnownFileType = sourcecode.swift; path = MyStructs.swift; sourceTree = "<group>"; };
		200AF4221AE299A00055D2D6 /* back.jpg */ = {isa = PBXFileReference; lastKnownFileType = image.jpeg; name = back.jpg; path = "../../../../../XCode Bilder/back.jpg"; sourceTree = "<group>"; };
		2054CF421B0353F500B9546C /* GameBoardNew.swift */ = {isa = PBXFileReference; fileEncoding = 4; lastKnownFileType = sourcecode.swift; path = GameBoardNew.swift; sourceTree = "<group>"; };
		20C6C21F1AD94B9C00E8FFA7 /* hu.json */ = {isa = PBXFileReference; fileEncoding = 4; lastKnownFileType = text.json; path = hu.json; sourceTree = "<group>"; };
		20C6C2211AD94BCC00E8FFA7 /* ru.json */ = {isa = PBXFileReference; fileEncoding = 4; lastKnownFileType = text.json; path = ru.json; sourceTree = "<group>"; };
		20C6C2231AD94BE100E8FFA7 /* de.json */ = {isa = PBXFileReference; fileEncoding = 4; lastKnownFileType = text.json; path = de.json; sourceTree = "<group>"; };
		20C6C2251AD94BF600E8FFA7 /* en.json */ = {isa = PBXFileReference; fileEncoding = 4; lastKnownFileType = text.json; path = en.json; sourceTree = "<group>"; };
		20D85AF81AC95E370020D25A /* MyLayer.swift */ = {isa = PBXFileReference; fileEncoding = 4; lastKnownFileType = sourcecode.swift; path = MyLayer.swift; sourceTree = "<group>"; };
		20DA4BE41ADC17CD006C7BE5 /* settings.jpg */ = {isa = PBXFileReference; lastKnownFileType = image.jpeg; name = settings.jpg; path = ../settings.jpg; sourceTree = "<group>"; };
		20E27AC51AD4147700EA4BC1 /* FirstPack.json */ = {isa = PBXFileReference; fileEncoding = 4; lastKnownFileType = text.json; path = FirstPack.json; sourceTree = "<group>"; };
		20E2EC4E1AD6C7B800E710BC /* Language.swift */ = {isa = PBXFileReference; fileEncoding = 4; lastKnownFileType = sourcecode.swift; path = Language.swift; sourceTree = "<group>"; };
		20E2EC501AD6C7FE00E710BC /* LanguageTest.json */ = {isa = PBXFileReference; fileEncoding = 4; lastKnownFileType = text.json; path = LanguageTest.json; sourceTree = "<group>"; };
		20E7C3871AD7F6BE00E6DF7E /* TableViewController.swift */ = {isa = PBXFileReference; fileEncoding = 4; lastKnownFileType = sourcecode.swift; path = TableViewController.swift; sourceTree = "<group>"; };
		20EB5ECC1AD534000095963C /* repeat.jpg */ = {isa = PBXFileReference; lastKnownFileType = image.jpeg; path = repeat.jpg; sourceTree = "<group>"; };
		20EB5ECD1AD534000095963C /* pfeillinks.jpg */ = {isa = PBXFileReference; lastKnownFileType = image.jpeg; path = pfeillinks.jpg; sourceTree = "<group>"; };
		20EB5ECE1AD534000095963C /* pfeilrechts.jpg */ = {isa = PBXFileReference; lastKnownFileType = image.jpeg; path = pfeilrechts.jpg; sourceTree = "<group>"; };
/* End PBXFileReference section */

/* Begin PBXFrameworksBuildPhase section */
		2009B0861AB30EAD00452C4C /* Frameworks */ = {
			isa = PBXFrameworksBuildPhase;
			buildActionMask = 2147483647;
			files = (
				20079F3C1ADEA755006F2972 /* CoreAudio.framework in Frameworks */,
				20064CF71AE6C10200375D51 /* CloudKit.framework in Frameworks */,
			);
			runOnlyForDeploymentPostprocessing = 0;
		};
		2009B09E1AB30EAD00452C4C /* Frameworks */ = {
			isa = PBXFrameworksBuildPhase;
			buildActionMask = 2147483647;
			files = (
			);
			runOnlyForDeploymentPostprocessing = 0;
		};
/* End PBXFrameworksBuildPhase section */

/* Begin PBXGroup section */
		2009B0801AB30EAD00452C4C = {
			isa = PBXGroup;
			children = (
				20064CF61AE6C10200375D51 /* CloudKit.framework */,
				20079F3B1ADEA755006F2972 /* CoreAudio.framework */,
				2009B08B1AB30EAD00452C4C /* JLinesV2 */,
				2009B0A41AB30EAD00452C4C /* JLinesV2Tests */,
				2009B08A1AB30EAD00452C4C /* Products */,
			);
			sourceTree = "<group>";
		};
		2009B08A1AB30EAD00452C4C /* Products */ = {
			isa = PBXGroup;
			children = (
				2009B0891AB30EAD00452C4C /* JLinesV2.app */,
				2009B0A11AB30EAD00452C4C /* JLinesV2Tests.xctest */,
			);
			name = Products;
			sourceTree = "<group>";
		};
		2009B08B1AB30EAD00452C4C /* JLinesV2 */ = {
			isa = PBXGroup;
			children = (
				20031C341AE5438500F73E01 /* JLinesV2.entitlements */,
				2009B08E1AB30EAD00452C4C /* AppDelegate.swift */,
				2009B0931AB30EAD00452C4C /* ViewController.swift */,
				20079F321ADE9D8A006F2972 /* JLinesV2.xcdatamodeld */,
				20031C321AE540E900F73E01 /* GameStatusX.swift */,
				2003C9301AE7E7E100537ED9 /* GameStatus.swift */,
				2009DB2F1ADE58B800D021DA /* DataStore.swift */,
				20031C371AE54AC900F73E01 /* CloudData.swift */,
				2009B0B31AB30F6100452C4C /* ChoosViewController.swift */,
				20E7C3871AD7F6BE00E6DF7E /* TableViewController.swift */,
				2009B0B51AB30F7700452C4C /* PagedViewController.swift */,
				2009B0BD1AB30F7700452C4C /* SettingsViewController.swift */,
				2009B0B61AB30F7700452C4C /* MyScrollView.swift */,
				2009B0B71AB30F7700452C4C /* Game.swift */,
				200AF4201AE26CA00055D2D6 /* MyStructs.swift */,
				200398501AF8D87600F95E7A /* MyDevice.swift */,
				200A7CE11B0B84330015F20D /* JoyStick.swift */,
				2009B0B81AB30F7700452C4C /* MyGameView.swift */,
				20D85AF81AC95E370020D25A /* MyLayer.swift */,
				2007DFFC1AF0F532005DF578 /* MyButton.swift */,
				2009B0B91AB30F7700452C4C /* GameBoardOrig.swift */,
				2054CF421B0353F500B9546C /* GameBoardNew.swift */,
				200348C41AF25730004C4F76 /* DrawImages.swift */,
				2009B0BC1AB30F7700452C4C /* Line.swift */,
				2009B0BA1AB30F7700452C4C /* Point.swift */,
				2009B0BB1AB30F7700452C4C /* MySet.swift */,
				2009B0BE1AB30F7700452C4C /* Package.swift */,
				20E2EC4E1AD6C7B800E710BC /* Language.swift */,
				20E2EC501AD6C7FE00E710BC /* LanguageTest.json */,
				2009B0BF1AB30F7700452C4C /* SwiftyJSON.swift */,
				2009B0C01AB30F7700452C4C /* Array2D.swift */,
				2009B0C11AB30F7700452C4C /* Extensions.swift */,
				2009B0B11AB30F5200452C4C /* Main.storyboard */,
				20E27AC51AD4147700EA4BC1 /* FirstPack.json */,
				2009B0CF1AB30F8500452C4C /* RegularPack.json */,
				2009B0D01AB30F8500452C4C /* BonusPack.json */,
				2009B0D11AB30F8500452C4C /* GreenPack.json */,
				2009B0D21AB30F8500452C4C /* MyPlayground.playground */,
				2009B0981AB30EAD00452C4C /* Images.xcassets */,
				2009B09A1AB30EAD00452C4C /* LaunchScreen.xib */,
				2009B08C1AB30EAD00452C4C /* Supporting Files */,
			);
			path = JLinesV2;
			sourceTree = "<group>";
		};
		2009B08C1AB30EAD00452C4C /* Supporting Files */ = {
			isa = PBXGroup;
			children = (
				20C6C2271AD94C0A00E8FFA7 /* Languages */,
				2009B08D1AB30EAD00452C4C /* Info.plist */,
				200348C21AF253AB004C4F76 /* pfeillinks.png */,
				20EB5ECC1AD534000095963C /* repeat.jpg */,
				20EB5ECD1AD534000095963C /* pfeillinks.jpg */,
				20EB5ECE1AD534000095963C /* pfeilrechts.jpg */,
				20DA4BE41ADC17CD006C7BE5 /* settings.jpg */,
				200AF4221AE299A00055D2D6 /* back.jpg */,
			);
			name = "Supporting Files";
			sourceTree = "<group>";
		};
		2009B0A41AB30EAD00452C4C /* JLinesV2Tests */ = {
			isa = PBXGroup;
			children = (
				2009B0A71AB30EAD00452C4C /* JLinesV2Tests.swift */,
				2009B0A51AB30EAD00452C4C /* Supporting Files */,
			);
			path = JLinesV2Tests;
			sourceTree = "<group>";
		};
		2009B0A51AB30EAD00452C4C /* Supporting Files */ = {
			isa = PBXGroup;
			children = (
				2009B0A61AB30EAD00452C4C /* Info.plist */,
			);
			name = "Supporting Files";
			sourceTree = "<group>";
		};
		20C6C2271AD94C0A00E8FFA7 /* Languages */ = {
			isa = PBXGroup;
			children = (
				20C6C21F1AD94B9C00E8FFA7 /* hu.json */,
				20C6C2211AD94BCC00E8FFA7 /* ru.json */,
				20C6C2231AD94BE100E8FFA7 /* de.json */,
				20C6C2251AD94BF600E8FFA7 /* en.json */,
			);
			name = Languages;
			sourceTree = "<group>";
		};
/* End PBXGroup section */

/* Begin PBXNativeTarget section */
		2009B0881AB30EAD00452C4C /* JLinesV2 */ = {
			isa = PBXNativeTarget;
			buildConfigurationList = 2009B0AB1AB30EAD00452C4C /* Build configuration list for PBXNativeTarget "JLinesV2" */;
			buildPhases = (
				2009B0851AB30EAD00452C4C /* Sources */,
				2009B0861AB30EAD00452C4C /* Frameworks */,
				2009B0871AB30EAD00452C4C /* Resources */,
			);
			buildRules = (
			);
			dependencies = (
			);
			name = JLinesV2;
			productName = JLinesV2;
			productReference = 2009B0891AB30EAD00452C4C /* JLinesV2.app */;
			productType = "com.apple.product-type.application";
		};
		2009B0A01AB30EAD00452C4C /* JLinesV2Tests */ = {
			isa = PBXNativeTarget;
			buildConfigurationList = 2009B0AE1AB30EAD00452C4C /* Build configuration list for PBXNativeTarget "JLinesV2Tests" */;
			buildPhases = (
				2009B09D1AB30EAD00452C4C /* Sources */,
				2009B09E1AB30EAD00452C4C /* Frameworks */,
				2009B09F1AB30EAD00452C4C /* Resources */,
			);
			buildRules = (
			);
			dependencies = (
				2009B0A31AB30EAD00452C4C /* PBXTargetDependency */,
			);
			name = JLinesV2Tests;
			productName = JLinesV2Tests;
			productReference = 2009B0A11AB30EAD00452C4C /* JLinesV2Tests.xctest */;
			productType = "com.apple.product-type.bundle.unit-test";
		};
/* End PBXNativeTarget section */

/* Begin PBXProject section */
		2009B0811AB30EAD00452C4C /* Project object */ = {
			isa = PBXProject;
			attributes = {
				LastUpgradeCheck = 0610;
				ORGANIZATIONNAME = "Jozsef Romhanyi";
				TargetAttributes = {
					2009B0881AB30EAD00452C4C = {
						CreatedOnToolsVersion = 6.1.1;
						DevelopmentTeam = WT499VC842;
						SystemCapabilities = {
							com.apple.iCloud = {
								enabled = 1;
							};
						};
					};
					2009B0A01AB30EAD00452C4C = {
						CreatedOnToolsVersion = 6.1.1;
						TestTargetID = 2009B0881AB30EAD00452C4C;
					};
				};
			};
			buildConfigurationList = 2009B0841AB30EAD00452C4C /* Build configuration list for PBXProject "JLinesV2" */;
			compatibilityVersion = "Xcode 3.2";
			developmentRegion = English;
			hasScannedForEncodings = 0;
			knownRegions = (
				en,
				Base,
			);
			mainGroup = 2009B0801AB30EAD00452C4C;
			productRefGroup = 2009B08A1AB30EAD00452C4C /* Products */;
			projectDirPath = "";
			projectRoot = "";
			targets = (
				2009B0881AB30EAD00452C4C /* JLinesV2 */,
				2009B0A01AB30EAD00452C4C /* JLinesV2Tests */,
			);
		};
/* End PBXProject section */

/* Begin PBXResourcesBuildPhase section */
		2009B0871AB30EAD00452C4C /* Resources */ = {
			isa = PBXResourcesBuildPhase;
			buildActionMask = 2147483647;
			files = (
				2009B0B21AB30F5200452C4C /* Main.storyboard in Resources */,
				2009B0D31AB30F8500452C4C /* RegularPack.json in Resources */,
				20E2EC511AD6C7FE00E710BC /* LanguageTest.json in Resources */,
				20C6C2261AD94BF600E8FFA7 /* en.json in Resources */,
				200AF4231AE299A00055D2D6 /* back.jpg in Resources */,
				200348C31AF253AB004C4F76 /* pfeillinks.png in Resources */,
				2009B09C1AB30EAD00452C4C /* LaunchScreen.xib in Resources */,
				2009B0991AB30EAD00452C4C /* Images.xcassets in Resources */,
				20EB5ED01AD534000095963C /* pfeillinks.jpg in Resources */,
				2009B0D51AB30F8500452C4C /* GreenPack.json in Resources */,
				20EB5ECF1AD534000095963C /* repeat.jpg in Resources */,
				20EB5ED11AD534000095963C /* pfeilrechts.jpg in Resources */,
				20E27AC61AD4147700EA4BC1 /* FirstPack.json in Resources */,
				20C6C2221AD94BCC00E8FFA7 /* ru.json in Resources */,
				20C6C2241AD94BE100E8FFA7 /* de.json in Resources */,
				2009B0D41AB30F8500452C4C /* BonusPack.json in Resources */,
				20DA4BE51ADC17CD006C7BE5 /* settings.jpg in Resources */,
				20C6C2201AD94B9C00E8FFA7 /* hu.json in Resources */,
			);
			runOnlyForDeploymentPostprocessing = 0;
		};
		2009B09F1AB30EAD00452C4C /* Resources */ = {
			isa = PBXResourcesBuildPhase;
			buildActionMask = 2147483647;
			files = (
			);
			runOnlyForDeploymentPostprocessing = 0;
		};
/* End PBXResourcesBuildPhase section */

/* Begin PBXSourcesBuildPhase section */
		2009B0851AB30EAD00452C4C /* Sources */ = {
			isa = PBXSourcesBuildPhase;
			buildActionMask = 2147483647;
			files = (
				2009B0C21AB30F7700452C4C /* PagedViewController.swift in Sources */,
				2009B0C61AB30F7700452C4C /* GameBoardOrig.swift in Sources */,
				2009B0C31AB30F7700452C4C /* MyScrollView.swift in Sources */,
				200398511AF8D87600F95E7A /* MyDevice.swift in Sources */,
				2007DFFD1AF0F532005DF578 /* MyButton.swift in Sources */,
				200A7CE21B0B84330015F20D /* JoyStick.swift in Sources */,
				20031C331AE540E900F73E01 /* GameStatusX.swift in Sources */,
				20E7C3881AD7F6BE00E6DF7E /* TableViewController.swift in Sources */,
				20079F341ADE9D8A006F2972 /* JLinesV2.xcdatamodeld in Sources */,
				2009B0CC1AB30F7800452C4C /* SwiftyJSON.swift in Sources */,
				2009B0C41AB30F7700452C4C /* Game.swift in Sources */,
				20E2EC4F1AD6C7B800E710BC /* Language.swift in Sources */,
				2009B0941AB30EAD00452C4C /* ViewController.swift in Sources */,
				2009B0C71AB30F7800452C4C /* Point.swift in Sources */,
				20031C381AE54AC900F73E01 /* CloudData.swift in Sources */,
				200AF4211AE26CA00055D2D6 /* MyStructs.swift in Sources */,
				2009B08F1AB30EAD00452C4C /* AppDelegate.swift in Sources */,
				2009B0C51AB30F7700452C4C /* MyGameView.swift in Sources */,
				2009B0C91AB30F7800452C4C /* Line.swift in Sources */,
				2009B0CB1AB30F7800452C4C /* Package.swift in Sources */,
				2009B0CA1AB30F7800452C4C /* SettingsViewController.swift in Sources */,
				2009DB301ADE58B800D021DA /* DataStore.swift in Sources */,
				20D85AF91AC95E370020D25A /* MyLayer.swift in Sources */,
				2054CF431B0353F500B9546C /* GameBoardNew.swift in Sources */,
				2009B0CD1AB30F7800452C4C /* Array2D.swift in Sources */,
				2009B0CE1AB30F7800452C4C /* Extensions.swift in Sources */,
				2003C9311AE7E7E100537ED9 /* GameStatus.swift in Sources */,
				2009B0C81AB30F7800452C4C /* MySet.swift in Sources */,
				2009B0B41AB30F6100452C4C /* ChoosViewController.swift in Sources */,
				200348C51AF25730004C4F76 /* DrawImages.swift in Sources */,
			);
			runOnlyForDeploymentPostprocessing = 0;
		};
		2009B09D1AB30EAD00452C4C /* Sources */ = {
			isa = PBXSourcesBuildPhase;
			buildActionMask = 2147483647;
			files = (
				2009B0A81AB30EAD00452C4C /* JLinesV2Tests.swift in Sources */,
			);
			runOnlyForDeploymentPostprocessing = 0;
		};
/* End PBXSourcesBuildPhase section */

/* Begin PBXTargetDependency section */
		2009B0A31AB30EAD00452C4C /* PBXTargetDependency */ = {
			isa = PBXTargetDependency;
			target = 2009B0881AB30EAD00452C4C /* JLinesV2 */;
			targetProxy = 2009B0A21AB30EAD00452C4C /* PBXContainerItemProxy */;
		};
/* End PBXTargetDependency section */

/* Begin PBXVariantGroup section */
		2009B09A1AB30EAD00452C4C /* LaunchScreen.xib */ = {
			isa = PBXVariantGroup;
			children = (
				2009B09B1AB30EAD00452C4C /* Base */,
			);
			name = LaunchScreen.xib;
			sourceTree = "<group>";
		};
/* End PBXVariantGroup section */

/* Begin XCBuildConfiguration section */
		2009B0A91AB30EAD00452C4C /* Debug */ = {
			isa = XCBuildConfiguration;
			buildSettings = {
				ALWAYS_SEARCH_USER_PATHS = NO;
				CLANG_CXX_LANGUAGE_STANDARD = "gnu++0x";
				CLANG_CXX_LIBRARY = "libc++";
				CLANG_ENABLE_MODULES = YES;
				CLANG_ENABLE_OBJC_ARC = YES;
				CLANG_WARN_BOOL_CONVERSION = YES;
				CLANG_WARN_CONSTANT_CONVERSION = YES;
				CLANG_WARN_DIRECT_OBJC_ISA_USAGE = YES_ERROR;
				CLANG_WARN_EMPTY_BODY = YES;
				CLANG_WARN_ENUM_CONVERSION = YES;
				CLANG_WARN_INT_CONVERSION = YES;
				CLANG_WARN_OBJC_ROOT_CLASS = YES_ERROR;
				CLANG_WARN_UNREACHABLE_CODE = YES;
				CLANG_WARN__DUPLICATE_METHOD_MATCH = YES;
				"CODE_SIGN_IDENTITY[sdk=iphoneos*]" = "iPhone Developer";
				COPY_PHASE_STRIP = NO;
				ENABLE_STRICT_OBJC_MSGSEND = YES;
				GCC_C_LANGUAGE_STANDARD = gnu99;
				GCC_DYNAMIC_NO_PIC = NO;
				GCC_OPTIMIZATION_LEVEL = 0;
				GCC_PREPROCESSOR_DEFINITIONS = (
					"DEBUG=1",
					"$(inherited)",
				);
				GCC_SYMBOLS_PRIVATE_EXTERN = NO;
				GCC_WARN_64_TO_32_BIT_CONVERSION = YES;
				GCC_WARN_ABOUT_RETURN_TYPE = YES_ERROR;
				GCC_WARN_UNDECLARED_SELECTOR = YES;
				GCC_WARN_UNINITIALIZED_AUTOS = YES_AGGRESSIVE;
				GCC_WARN_UNUSED_FUNCTION = YES;
				GCC_WARN_UNUSED_VARIABLE = YES;
				IPHONEOS_DEPLOYMENT_TARGET = 8.3;
				MTL_ENABLE_DEBUG_INFO = YES;
				ONLY_ACTIVE_ARCH = YES;
				SDKROOT = iphoneos;
				SWIFT_OPTIMIZATION_LEVEL = "-Onone";
			};
			name = Debug;
		};
		2009B0AA1AB30EAD00452C4C /* Release */ = {
			isa = XCBuildConfiguration;
			buildSettings = {
				ALWAYS_SEARCH_USER_PATHS = NO;
				CLANG_CXX_LANGUAGE_STANDARD = "gnu++0x";
				CLANG_CXX_LIBRARY = "libc++";
				CLANG_ENABLE_MODULES = YES;
				CLANG_ENABLE_OBJC_ARC = YES;
				CLANG_WARN_BOOL_CONVERSION = YES;
				CLANG_WARN_CONSTANT_CONVERSION = YES;
				CLANG_WARN_DIRECT_OBJC_ISA_USAGE = YES_ERROR;
				CLANG_WARN_EMPTY_BODY = YES;
				CLANG_WARN_ENUM_CONVERSION = YES;
				CLANG_WARN_INT_CONVERSION = YES;
				CLANG_WARN_OBJC_ROOT_CLASS = YES_ERROR;
				CLANG_WARN_UNREACHABLE_CODE = YES;
				CLANG_WARN__DUPLICATE_METHOD_MATCH = YES;
				"CODE_SIGN_IDENTITY[sdk=iphoneos*]" = "iPhone Developer";
				COPY_PHASE_STRIP = YES;
				ENABLE_NS_ASSERTIONS = NO;
				ENABLE_STRICT_OBJC_MSGSEND = YES;
				GCC_C_LANGUAGE_STANDARD = gnu99;
				GCC_WARN_64_TO_32_BIT_CONVERSION = YES;
				GCC_WARN_ABOUT_RETURN_TYPE = YES_ERROR;
				GCC_WARN_UNDECLARED_SELECTOR = YES;
				GCC_WARN_UNINITIALIZED_AUTOS = YES_AGGRESSIVE;
				GCC_WARN_UNUSED_FUNCTION = YES;
				GCC_WARN_UNUSED_VARIABLE = YES;
				IPHONEOS_DEPLOYMENT_TARGET = 8.3;
				MTL_ENABLE_DEBUG_INFO = NO;
				SDKROOT = iphoneos;
				VALIDATE_PRODUCT = YES;
			};
			name = Release;
		};
		2009B0AC1AB30EAD00452C4C /* Debug */ = {
			isa = XCBuildConfiguration;
			buildSettings = {
				ASSETCATALOG_COMPILER_APPICON_NAME = AppIcon;
				CODE_SIGN_ENTITLEMENTS = JLinesV2/JLinesV2.entitlements;
				CODE_SIGN_IDENTITY = "iPhone Developer";
				"CODE_SIGN_IDENTITY[sdk=iphoneos*]" = "iPhone Developer";
				INFOPLIST_FILE = JLinesV2/Info.plist;
				LD_RUNPATH_SEARCH_PATHS = "$(inherited) @executable_path/Frameworks";
				PRODUCT_NAME = "$(TARGET_NAME)";
				PROVISIONING_PROFILE = "";
				TARGETED_DEVICE_FAMILY = "1,2";
			};
			name = Debug;
		};
		2009B0AD1AB30EAD00452C4C /* Release */ = {
			isa = XCBuildConfiguration;
			buildSettings = {
				ASSETCATALOG_COMPILER_APPICON_NAME = AppIcon;
				CODE_SIGN_ENTITLEMENTS = JLinesV2/JLinesV2.entitlements;
				CODE_SIGN_IDENTITY = "iPhone Developer";
				"CODE_SIGN_IDENTITY[sdk=iphoneos*]" = "iPhone Developer";
				INFOPLIST_FILE = JLinesV2/Info.plist;
				LD_RUNPATH_SEARCH_PATHS = "$(inherited) @executable_path/Frameworks";
				PRODUCT_NAME = "$(TARGET_NAME)";
				PROVISIONING_PROFILE = "";
				TARGETED_DEVICE_FAMILY = "1,2";
			};
			name = Release;
		};
		2009B0AF1AB30EAD00452C4C /* Debug */ = {
			isa = XCBuildConfiguration;
			buildSettings = {
				BUNDLE_LOADER = "$(TEST_HOST)";
				FRAMEWORK_SEARCH_PATHS = (
					"$(SDKROOT)/Developer/Library/Frameworks",
					"$(inherited)",
				);
				GCC_PREPROCESSOR_DEFINITIONS = (
					"DEBUG=1",
					"$(inherited)",
				);
				INFOPLIST_FILE = JLinesV2Tests/Info.plist;
				LD_RUNPATH_SEARCH_PATHS = "$(inherited) @executable_path/Frameworks @loader_path/Frameworks";
				PRODUCT_NAME = "$(TARGET_NAME)";
				TEST_HOST = "$(BUILT_PRODUCTS_DIR)/JLinesV2.app/JLinesV2";
			};
			name = Debug;
		};
		2009B0B01AB30EAD00452C4C /* Release */ = {
			isa = XCBuildConfiguration;
			buildSettings = {
				BUNDLE_LOADER = "$(TEST_HOST)";
				FRAMEWORK_SEARCH_PATHS = (
					"$(SDKROOT)/Developer/Library/Frameworks",
					"$(inherited)",
				);
				INFOPLIST_FILE = JLinesV2Tests/Info.plist;
				LD_RUNPATH_SEARCH_PATHS = "$(inherited) @executable_path/Frameworks @loader_path/Frameworks";
				PRODUCT_NAME = "$(TARGET_NAME)";
				TEST_HOST = "$(BUILT_PRODUCTS_DIR)/JLinesV2.app/JLinesV2";
			};
			name = Release;
		};
/* End XCBuildConfiguration section */

/* Begin XCConfigurationList section */
		2009B0841AB30EAD00452C4C /* Build configuration list for PBXProject "JLinesV2" */ = {
			isa = XCConfigurationList;
			buildConfigurations = (
				2009B0A91AB30EAD00452C4C /* Debug */,
				2009B0AA1AB30EAD00452C4C /* Release */,
			);
			defaultConfigurationIsVisible = 0;
			defaultConfigurationName = Debug;
		};
		2009B0AB1AB30EAD00452C4C /* Build configuration list for PBXNativeTarget "JLinesV2" */ = {
			isa = XCConfigurationList;
			buildConfigurations = (
				2009B0AC1AB30EAD00452C4C /* Debug */,
				2009B0AD1AB30EAD00452C4C /* Release */,
			);
			defaultConfigurationIsVisible = 0;
			defaultConfigurationName = Debug;
		};
		2009B0AE1AB30EAD00452C4C /* Build configuration list for PBXNativeTarget "JLinesV2Tests" */ = {
			isa = XCConfigurationList;
			buildConfigurations = (
				2009B0AF1AB30EAD00452C4C /* Debug */,
				2009B0B01AB30EAD00452C4C /* Release */,
			);
			defaultConfigurationIsVisible = 0;
			defaultConfigurationName = Debug;
		};
/* End XCConfigurationList section */

/* Begin XCVersionGroup section */
		20079F321ADE9D8A006F2972 /* JLinesV2.xcdatamodeld */ = {
			isa = XCVersionGroup;
			children = (
				20079F331ADE9D8A006F2972 /* JLinesV2.xcdatamodel */,
			);
			currentVersion = 20079F331ADE9D8A006F2972 /* JLinesV2.xcdatamodel */;
			path = JLinesV2.xcdatamodeld;
			sourceTree = "<group>";
			versionGroupType = wrapper.xcdatamodel;
		};
/* End XCVersionGroup section */
	};
	rootObject = 2009B0811AB30EAD00452C4C /* Project object */;
}
