// !$*UTF8*$!
{
	archiveVersion = 1;
	classes = {
	};
	objectVersion = 46;
	objects = {

/* Begin PBXBuildFile section */
		2009B08F1AB30EAD00452C4C /* AppDelegate.swift in Sources */ = {isa = PBXBuildFile; fileRef = 2009B08E1AB30EAD00452C4C /* AppDelegate.swift */; };
		2009B0921AB30EAD00452C4C /* JLinesV2.xcdatamodeld in Sources */ = {isa = PBXBuildFile; fileRef = 2009B0901AB30EAD00452C4C /* JLinesV2.xcdatamodeld */; };
		2009B0941AB30EAD00452C4C /* ViewController.swift in Sources */ = {isa = PBXBuildFile; fileRef = 2009B0931AB30EAD00452C4C /* ViewController.swift */; };
		2009B0991AB30EAD00452C4C /* Images.xcassets in Resources */ = {isa = PBXBuildFile; fileRef = 2009B0981AB30EAD00452C4C /* Images.xcassets */; };
		2009B09C1AB30EAD00452C4C /* LaunchScreen.xib in Resources */ = {isa = PBXBuildFile; fileRef = 2009B09A1AB30EAD00452C4C /* LaunchScreen.xib */; };
		2009B0A81AB30EAD00452C4C /* JLinesV2Tests.swift in Sources */ = {isa = PBXBuildFile; fileRef = 2009B0A71AB30EAD00452C4C /* JLinesV2Tests.swift */; };
		2009B0B21AB30F5200452C4C /* Main.storyboard in Resources */ = {isa = PBXBuildFile; fileRef = 2009B0B11AB30F5200452C4C /* Main.storyboard */; };
		2009B0B41AB30F6100452C4C /* ChoosViewController.swift in Sources */ = {isa = PBXBuildFile; fileRef = 2009B0B31AB30F6100452C4C /* ChoosViewController.swift */; };
		2009B0C21AB30F7700452C4C /* PagedViewController.swift in Sources */ = {isa = PBXBuildFile; fileRef = 2009B0B51AB30F7700452C4C /* PagedViewController.swift */; };
		2009B0C31AB30F7700452C4C /* MyScrollView.swift in Sources */ = {isa = PBXBuildFile; fileRef = 2009B0B61AB30F7700452C4C /* MyScrollView.swift */; };
		2009B0C41AB30F7700452C4C /* Game.swift in Sources */ = {isa = PBXBuildFile; fileRef = 2009B0B71AB30F7700452C4C /* Game.swift */; };
		2009B0C51AB30F7700452C4C /* MyGameView.swift in Sources */ = {isa = PBXBuildFile; fileRef = 2009B0B81AB30F7700452C4C /* MyGameView.swift */; };
		2009B0C61AB30F7700452C4C /* GameBoard.swift in Sources */ = {isa = PBXBuildFile; fileRef = 2009B0B91AB30F7700452C4C /* GameBoard.swift */; };
		2009B0C71AB30F7800452C4C /* Point.swift in Sources */ = {isa = PBXBuildFile; fileRef = 2009B0BA1AB30F7700452C4C /* Point.swift */; };
		2009B0C81AB30F7800452C4C /* Set.swift in Sources */ = {isa = PBXBuildFile; fileRef = 2009B0BB1AB30F7700452C4C /* Set.swift */; };
		2009B0C91AB30F7800452C4C /* Line.swift in Sources */ = {isa = PBXBuildFile; fileRef = 2009B0BC1AB30F7700452C4C /* Line.swift */; };
		2009B0CA1AB30F7800452C4C /* SettingsViewController.swift in Sources */ = {isa = PBXBuildFile; fileRef = 2009B0BD1AB30F7700452C4C /* SettingsViewController.swift */; };
		2009B0CB1AB30F7800452C4C /* Package.swift in Sources */ = {isa = PBXBuildFile; fileRef = 2009B0BE1AB30F7700452C4C /* Package.swift */; };
		2009B0CC1AB30F7800452C4C /* SwiftyJSON.swift in Sources */ = {isa = PBXBuildFile; fileRef = 2009B0BF1AB30F7700452C4C /* SwiftyJSON.swift */; };
		2009B0CD1AB30F7800452C4C /* Array2D.swift in Sources */ = {isa = PBXBuildFile; fileRef = 2009B0C01AB30F7700452C4C /* Array2D.swift */; };
		2009B0CE1AB30F7800452C4C /* Extensions.swift in Sources */ = {isa = PBXBuildFile; fileRef = 2009B0C11AB30F7700452C4C /* Extensions.swift */; };
		2009B0D31AB30F8500452C4C /* RegularPack.json in Resources */ = {isa = PBXBuildFile; fileRef = 2009B0CF1AB30F8500452C4C /* RegularPack.json */; };
		2009B0D41AB30F8500452C4C /* BonusPack.json in Resources */ = {isa = PBXBuildFile; fileRef = 2009B0D01AB30F8500452C4C /* BonusPack.json */; };
		2009B0D51AB30F8500452C4C /* GreenPack.json in Resources */ = {isa = PBXBuildFile; fileRef = 2009B0D11AB30F8500452C4C /* GreenPack.json */; };
		2009B0DB1AB30F9A00452C4C /* pfeillinks.png in Resources */ = {isa = PBXBuildFile; fileRef = 2009B0D61AB30F9A00452C4C /* pfeillinks.png */; };
		2009B0DC1AB30F9A00452C4C /* pfeilrechts.png in Resources */ = {isa = PBXBuildFile; fileRef = 2009B0D71AB30F9A00452C4C /* pfeilrechts.png */; };
		2009B0DD1AB30F9A00452C4C /* auswahl0.png in Resources */ = {isa = PBXBuildFile; fileRef = 2009B0D81AB30F9A00452C4C /* auswahl0.png */; };
		2009B0DE1AB30F9A00452C4C /* auswahl1.png in Resources */ = {isa = PBXBuildFile; fileRef = 2009B0D91AB30F9A00452C4C /* auswahl1.png */; };
		2009B0DF1AB30F9A00452C4C /* auswahl2.png in Resources */ = {isa = PBXBuildFile; fileRef = 2009B0DA1AB30F9A00452C4C /* auswahl2.png */; };
/* End PBXBuildFile section */

/* Begin PBXContainerItemProxy section */
		2009B0A21AB30EAD00452C4C /* PBXContainerItemProxy */ = {
			isa = PBXContainerItemProxy;
			containerPortal = 2009B0811AB30EAD00452C4C /* Project object */;
			proxyType = 1;
			remoteGlobalIDString = 2009B0881AB30EAD00452C4C;
			remoteInfo = JLinesV2;
		};
/* End PBXContainerItemProxy section */

/* Begin PBXFileReference section */
		2009B0891AB30EAD00452C4C /* JLinesV2.app */ = {isa = PBXFileReference; explicitFileType = wrapper.application; includeInIndex = 0; path = JLinesV2.app; sourceTree = BUILT_PRODUCTS_DIR; };
		2009B08D1AB30EAD00452C4C /* Info.plist */ = {isa = PBXFileReference; lastKnownFileType = text.plist.xml; path = Info.plist; sourceTree = "<group>"; };
		2009B08E1AB30EAD00452C4C /* AppDelegate.swift */ = {isa = PBXFileReference; lastKnownFileType = sourcecode.swift; path = AppDelegate.swift; sourceTree = "<group>"; };
		2009B0911AB30EAD00452C4C /* JLinesV2.xcdatamodel */ = {isa = PBXFileReference; lastKnownFileType = wrapper.xcdatamodel; path = JLinesV2.xcdatamodel; sourceTree = "<group>"; };
		2009B0931AB30EAD00452C4C /* ViewController.swift */ = {isa = PBXFileReference; lastKnownFileType = sourcecode.swift; path = ViewController.swift; sourceTree = "<group>"; };
		2009B0981AB30EAD00452C4C /* Images.xcassets */ = {isa = PBXFileReference; lastKnownFileType = folder.assetcatalog; path = Images.xcassets; sourceTree = "<group>"; };
		2009B09B1AB30EAD00452C4C /* Base */ = {isa = PBXFileReference; lastKnownFileType = file.xib; name = Base; path = Base.lproj/LaunchScreen.xib; sourceTree = "<group>"; };
		2009B0A11AB30EAD00452C4C /* JLinesV2Tests.xctest */ = {isa = PBXFileReference; explicitFileType = wrapper.cfbundle; includeInIndex = 0; path = JLinesV2Tests.xctest; sourceTree = BUILT_PRODUCTS_DIR; };
		2009B0A61AB30EAD00452C4C /* Info.plist */ = {isa = PBXFileReference; lastKnownFileType = text.plist.xml; path = Info.plist; sourceTree = "<group>"; };
		2009B0A71AB30EAD00452C4C /* JLinesV2Tests.swift */ = {isa = PBXFileReference; lastKnownFileType = sourcecode.swift; path = JLinesV2Tests.swift; sourceTree = "<group>"; };
		2009B0B11AB30F5200452C4C /* Main.storyboard */ = {isa = PBXFileReference; fileEncoding = 4; lastKnownFileType = file.storyboard; path = Main.storyboard; sourceTree = "<group>"; };
		2009B0B31AB30F6100452C4C /* ChoosViewController.swift */ = {isa = PBXFileReference; fileEncoding = 4; lastKnownFileType = sourcecode.swift; path = ChoosViewController.swift; sourceTree = "<group>"; };
		2009B0B51AB30F7700452C4C /* PagedViewController.swift */ = {isa = PBXFileReference; fileEncoding = 4; lastKnownFileType = sourcecode.swift; path = PagedViewController.swift; sourceTree = "<group>"; };
		2009B0B61AB30F7700452C4C /* MyScrollView.swift */ = {isa = PBXFileReference; fileEncoding = 4; lastKnownFileType = sourcecode.swift; path = MyScrollView.swift; sourceTree = "<group>"; };
		2009B0B71AB30F7700452C4C /* Game.swift */ = {isa = PBXFileReference; fileEncoding = 4; lastKnownFileType = sourcecode.swift; path = Game.swift; sourceTree = "<group>"; };
		2009B0B81AB30F7700452C4C /* MyGameView.swift */ = {isa = PBXFileReference; fileEncoding = 4; lastKnownFileType = sourcecode.swift; path = MyGameView.swift; sourceTree = "<group>"; };
		2009B0B91AB30F7700452C4C /* GameBoard.swift */ = {isa = PBXFileReference; fileEncoding = 4; lastKnownFileType = sourcecode.swift; path = GameBoard.swift; sourceTree = "<group>"; };
		2009B0BA1AB30F7700452C4C /* Point.swift */ = {isa = PBXFileReference; fileEncoding = 4; lastKnownFileType = sourcecode.swift; path = Point.swift; sourceTree = "<group>"; };
		2009B0BB1AB30F7700452C4C /* Set.swift */ = {isa = PBXFileReference; fileEncoding = 4; lastKnownFileType = sourcecode.swift; path = Set.swift; sourceTree = "<group>"; };
		2009B0BC1AB30F7700452C4C /* Line.swift */ = {isa = PBXFileReference; fileEncoding = 4; lastKnownFileType = sourcecode.swift; path = Line.swift; sourceTree = "<group>"; };
		2009B0BD1AB30F7700452C4C /* SettingsViewController.swift */ = {isa = PBXFileReference; fileEncoding = 4; lastKnownFileType = sourcecode.swift; path = SettingsViewController.swift; sourceTree = "<group>"; };
		2009B0BE1AB30F7700452C4C /* Package.swift */ = {isa = PBXFileReference; fileEncoding = 4; lastKnownFileType = sourcecode.swift; path = Package.swift; sourceTree = "<group>"; };
		2009B0BF1AB30F7700452C4C /* SwiftyJSON.swift */ = {isa = PBXFileReference; fileEncoding = 4; lastKnownFileType = sourcecode.swift; path = SwiftyJSON.swift; sourceTree = "<group>"; };
		2009B0C01AB30F7700452C4C /* Array2D.swift */ = {isa = PBXFileReference; fileEncoding = 4; lastKnownFileType = sourcecode.swift; path = Array2D.swift; sourceTree = "<group>"; };
		2009B0C11AB30F7700452C4C /* Extensions.swift */ = {isa = PBXFileReference; fileEncoding = 4; lastKnownFileType = sourcecode.swift; path = Extensions.swift; sourceTree = "<group>"; };
		2009B0CF1AB30F8500452C4C /* RegularPack.json */ = {isa = PBXFileReference; fileEncoding = 4; lastKnownFileType = text.json; path = RegularPack.json; sourceTree = "<group>"; };
		2009B0D01AB30F8500452C4C /* BonusPack.json */ = {isa = PBXFileReference; fileEncoding = 4; lastKnownFileType = text.json; path = BonusPack.json; sourceTree = "<group>"; };
		2009B0D11AB30F8500452C4C /* GreenPack.json */ = {isa = PBXFileReference; fileEncoding = 4; lastKnownFileType = text.json; path = GreenPack.json; sourceTree = "<group>"; };
		2009B0D21AB30F8500452C4C /* MyPlayground.playground */ = {isa = PBXFileReference; lastKnownFileType = file.playground; path = MyPlayground.playground; sourceTree = "<group>"; };
		2009B0D61AB30F9A00452C4C /* pfeillinks.png */ = {isa = PBXFileReference; lastKnownFileType = image.png; path = pfeillinks.png; sourceTree = "<group>"; };
		2009B0D71AB30F9A00452C4C /* pfeilrechts.png */ = {isa = PBXFileReference; lastKnownFileType = image.png; path = pfeilrechts.png; sourceTree = "<group>"; };
		2009B0D81AB30F9A00452C4C /* auswahl0.png */ = {isa = PBXFileReference; lastKnownFileType = image.png; path = auswahl0.png; sourceTree = "<group>"; };
		2009B0D91AB30F9A00452C4C /* auswahl1.png */ = {isa = PBXFileReference; lastKnownFileType = image.png; path = auswahl1.png; sourceTree = "<group>"; };
		2009B0DA1AB30F9A00452C4C /* auswahl2.png */ = {isa = PBXFileReference; lastKnownFileType = image.png; path = auswahl2.png; sourceTree = "<group>"; };
/* End PBXFileReference section */

/* Begin PBXFrameworksBuildPhase section */
		2009B0861AB30EAD00452C4C /* Frameworks */ = {
			isa = PBXFrameworksBuildPhase;
			buildActionMask = 2147483647;
			files = (
			);
			runOnlyForDeploymentPostprocessing = 0;
		};
		2009B09E1AB30EAD00452C4C /* Frameworks */ = {
			isa = PBXFrameworksBuildPhase;
			buildActionMask = 2147483647;
			files = (
			);
			runOnlyForDeploymentPostprocessing = 0;
		};
/* End PBXFrameworksBuildPhase section */

/* Begin PBXGroup section */
		2009B0801AB30EAD00452C4C = {
			isa = PBXGroup;
			children = (
				2009B08B1AB30EAD00452C4C /* JLinesV2 */,
				2009B0A41AB30EAD00452C4C /* JLinesV2Tests */,
				2009B08A1AB30EAD00452C4C /* Products */,
			);
			sourceTree = "<group>";
		};
		2009B08A1AB30EAD00452C4C /* Products */ = {
			isa = PBXGroup;
			children = (
				2009B0891AB30EAD00452C4C /* JLinesV2.app */,
				2009B0A11AB30EAD00452C4C /* JLinesV2Tests.xctest */,
			);
			name = Products;
			sourceTree = "<group>";
		};
		2009B08B1AB30EAD00452C4C /* JLinesV2 */ = {
			isa = PBXGroup;
			children = (
				2009B08E1AB30EAD00452C4C /* AppDelegate.swift */,
				2009B0931AB30EAD00452C4C /* ViewController.swift */,
				2009B0B31AB30F6100452C4C /* ChoosViewController.swift */,
				2009B0B51AB30F7700452C4C /* PagedViewController.swift */,
				2009B0B61AB30F7700452C4C /* MyScrollView.swift */,
				2009B0B71AB30F7700452C4C /* Game.swift */,
				2009B0B81AB30F7700452C4C /* MyGameView.swift */,
				2009B0B91AB30F7700452C4C /* GameBoard.swift */,
				2009B0BA1AB30F7700452C4C /* Point.swift */,
				2009B0BB1AB30F7700452C4C /* Set.swift */,
				2009B0BC1AB30F7700452C4C /* Line.swift */,
				2009B0BD1AB30F7700452C4C /* SettingsViewController.swift */,
				2009B0BE1AB30F7700452C4C /* Package.swift */,
				2009B0BF1AB30F7700452C4C /* SwiftyJSON.swift */,
				2009B0C01AB30F7700452C4C /* Array2D.swift */,
				2009B0C11AB30F7700452C4C /* Extensions.swift */,
				2009B0B11AB30F5200452C4C /* Main.storyboard */,
				2009B0CF1AB30F8500452C4C /* RegularPack.json */,
				2009B0D01AB30F8500452C4C /* BonusPack.json */,
				2009B0D11AB30F8500452C4C /* GreenPack.json */,
				2009B0D21AB30F8500452C4C /* MyPlayground.playground */,
				2009B0981AB30EAD00452C4C /* Images.xcassets */,
				2009B09A1AB30EAD00452C4C /* LaunchScreen.xib */,
				2009B0901AB30EAD00452C4C /* JLinesV2.xcdatamodeld */,
				2009B08C1AB30EAD00452C4C /* Supporting Files */,
			);
			path = JLinesV2;
			sourceTree = "<group>";
		};
		2009B08C1AB30EAD00452C4C /* Supporting Files */ = {
			isa = PBXGroup;
			children = (
				2009B08D1AB30EAD00452C4C /* Info.plist */,
				2009B0D61AB30F9A00452C4C /* pfeillinks.png */,
				2009B0D71AB30F9A00452C4C /* pfeilrechts.png */,
				2009B0D81AB30F9A00452C4C /* auswahl0.png */,
				2009B0D91AB30F9A00452C4C /* auswahl1.png */,
				2009B0DA1AB30F9A00452C4C /* auswahl2.png */,
			);
			name = "Supporting Files";
			sourceTree = "<group>";
		};
		2009B0A41AB30EAD00452C4C /* JLinesV2Tests */ = {
			isa = PBXGroup;
			children = (
				2009B0A71AB30EAD00452C4C /* JLinesV2Tests.swift */,
				2009B0A51AB30EAD00452C4C /* Supporting Files */,
			);
			path = JLinesV2Tests;
			sourceTree = "<group>";
		};
		2009B0A51AB30EAD00452C4C /* Supporting Files */ = {
			isa = PBXGroup;
			children = (
				2009B0A61AB30EAD00452C4C /* Info.plist */,
			);
			name = "Supporting Files";
			sourceTree = "<group>";
		};
/* End PBXGroup section */

/* Begin PBXNativeTarget section */
		2009B0881AB30EAD00452C4C /* JLinesV2 */ = {
			isa = PBXNativeTarget;
			buildConfigurationList = 2009B0AB1AB30EAD00452C4C /* Build configuration list for PBXNativeTarget "JLinesV2" */;
			buildPhases = (
				2009B0851AB30EAD00452C4C /* Sources */,
				2009B0861AB30EAD00452C4C /* Frameworks */,
				2009B0871AB30EAD00452C4C /* Resources */,
			);
			buildRules = (
			);
			dependencies = (
			);
			name = JLinesV2;
			productName = JLinesV2;
			productReference = 2009B0891AB30EAD00452C4C /* JLinesV2.app */;
			productType = "com.apple.product-type.application";
		};
		2009B0A01AB30EAD00452C4C /* JLinesV2Tests */ = {
			isa = PBXNativeTarget;
			buildConfigurationList = 2009B0AE1AB30EAD00452C4C /* Build configuration list for PBXNativeTarget "JLinesV2Tests" */;
			buildPhases = (
				2009B09D1AB30EAD00452C4C /* Sources */,
				2009B09E1AB30EAD00452C4C /* Frameworks */,
				2009B09F1AB30EAD00452C4C /* Resources */,
			);
			buildRules = (
			);
			dependencies = (
				2009B0A31AB30EAD00452C4C /* PBXTargetDependency */,
			);
			name = JLinesV2Tests;
			productName = JLinesV2Tests;
			productReference = 2009B0A11AB30EAD00452C4C /* JLinesV2Tests.xctest */;
			productType = "com.apple.product-type.bundle.unit-test";
		};
/* End PBXNativeTarget section */

/* Begin PBXProject section */
		2009B0811AB30EAD00452C4C /* Project object */ = {
			isa = PBXProject;
			attributes = {
				LastUpgradeCheck = 0610;
				ORGANIZATIONNAME = "Jozsef Romhanyi";
				TargetAttributes = {
					2009B0881AB30EAD00452C4C = {
						CreatedOnToolsVersion = 6.1.1;
					};
					2009B0A01AB30EAD00452C4C = {
						CreatedOnToolsVersion = 6.1.1;
						TestTargetID = 2009B0881AB30EAD00452C4C;
					};
				};
			};
			buildConfigurationList = 2009B0841AB30EAD00452C4C /* Build configuration list for PBXProject "JLinesV2" */;
			compatibilityVersion = "Xcode 3.2";
			developmentRegion = English;
			hasScannedForEncodings = 0;
			knownRegions = (
				en,
				Base,
			);
			mainGroup = 2009B0801AB30EAD00452C4C;
			productRefGroup = 2009B08A1AB30EAD00452C4C /* Products */;
			projectDirPath = "";
			projectRoot = "";
			targets = (
				2009B0881AB30EAD00452C4C /* JLinesV2 */,
				2009B0A01AB30EAD00452C4C /* JLinesV2Tests */,
			);
		};
/* End PBXProject section */

/* Begin PBXResourcesBuildPhase section */
		2009B0871AB30EAD00452C4C /* Resources */ = {
			isa = PBXResourcesBuildPhase;
			buildActionMask = 2147483647;
			files = (
				2009B0DF1AB30F9A00452C4C /* auswahl2.png in Resources */,
				2009B0B21AB30F5200452C4C /* Main.storyboard in Resources */,
				2009B0DB1AB30F9A00452C4C /* pfeillinks.png in Resources */,
				2009B0D31AB30F8500452C4C /* RegularPack.json in Resources */,
				2009B0DC1AB30F9A00452C4C /* pfeilrechts.png in Resources */,
				2009B09C1AB30EAD00452C4C /* LaunchScreen.xib in Resources */,
				2009B0991AB30EAD00452C4C /* Images.xcassets in Resources */,
				2009B0D51AB30F8500452C4C /* GreenPack.json in Resources */,
				2009B0DE1AB30F9A00452C4C /* auswahl1.png in Resources */,
				2009B0DD1AB30F9A00452C4C /* auswahl0.png in Resources */,
				2009B0D41AB30F8500452C4C /* BonusPack.json in Resources */,
			);
			runOnlyForDeploymentPostprocessing = 0;
		};
		2009B09F1AB30EAD00452C4C /* Resources */ = {
			isa = PBXResourcesBuildPhase;
			buildActionMask = 2147483647;
			files = (
			);
			runOnlyForDeploymentPostprocessing = 0;
		};
/* End PBXResourcesBuildPhase section */

/* Begin PBXSourcesBuildPhase section */
		2009B0851AB30EAD00452C4C /* Sources */ = {
			isa = PBXSourcesBuildPhase;
			buildActionMask = 2147483647;
			files = (
				2009B0C21AB30F7700452C4C /* PagedViewController.swift in Sources */,
				2009B0C61AB30F7700452C4C /* GameBoard.swift in Sources */,
				2009B0C31AB30F7700452C4C /* MyScrollView.swift in Sources */,
				2009B0CC1AB30F7800452C4C /* SwiftyJSON.swift in Sources */,
				2009B0C41AB30F7700452C4C /* Game.swift in Sources */,
				2009B0941AB30EAD00452C4C /* ViewController.swift in Sources */,
				2009B0921AB30EAD00452C4C /* JLinesV2.xcdatamodeld in Sources */,
				2009B0C71AB30F7800452C4C /* Point.swift in Sources */,
				2009B08F1AB30EAD00452C4C /* AppDelegate.swift in Sources */,
				2009B0C51AB30F7700452C4C /* MyGameView.swift in Sources */,
				2009B0C91AB30F7800452C4C /* Line.swift in Sources */,
				2009B0CB1AB30F7800452C4C /* Package.swift in Sources */,
				2009B0CA1AB30F7800452C4C /* SettingsViewController.swift in Sources */,
				2009B0CD1AB30F7800452C4C /* Array2D.swift in Sources */,
				2009B0CE1AB30F7800452C4C /* Extensions.swift in Sources */,
				2009B0C81AB30F7800452C4C /* Set.swift in Sources */,
				2009B0B41AB30F6100452C4C /* ChoosViewController.swift in Sources */,
			);
			runOnlyForDeploymentPostprocessing = 0;
		};
		2009B09D1AB30EAD00452C4C /* Sources */ = {
			isa = PBXSourcesBuildPhase;
			buildActionMask = 2147483647;
			files = (
				2009B0A81AB30EAD00452C4C /* JLinesV2Tests.swift in Sources */,
			);
			runOnlyForDeploymentPostprocessing = 0;
		};
/* End PBXSourcesBuildPhase section */

/* Begin PBXTargetDependency section */
		2009B0A31AB30EAD00452C4C /* PBXTargetDependency */ = {
			isa = PBXTargetDependency;
			target = 2009B0881AB30EAD00452C4C /* JLinesV2 */;
			targetProxy = 2009B0A21AB30EAD00452C4C /* PBXContainerItemProxy */;
		};
/* End PBXTargetDependency section */

/* Begin PBXVariantGroup section */
		2009B09A1AB30EAD00452C4C /* LaunchScreen.xib */ = {
			isa = PBXVariantGroup;
			children = (
				2009B09B1AB30EAD00452C4C /* Base */,
			);
			name = LaunchScreen.xib;
			sourceTree = "<group>";
		};
/* End PBXVariantGroup section */

/* Begin XCBuildConfiguration section */
		2009B0A91AB30EAD00452C4C /* Debug */ = {
			isa = XCBuildConfiguration;
			buildSettings = {
				ALWAYS_SEARCH_USER_PATHS = NO;
				CLANG_CXX_LANGUAGE_STANDARD = "gnu++0x";
				CLANG_CXX_LIBRARY = "libc++";
				CLANG_ENABLE_MODULES = YES;
				CLANG_ENABLE_OBJC_ARC = YES;
				CLANG_WARN_BOOL_CONVERSION = YES;
				CLANG_WARN_CONSTANT_CONVERSION = YES;
				CLANG_WARN_DIRECT_OBJC_ISA_USAGE = YES_ERROR;
				CLANG_WARN_EMPTY_BODY = YES;
				CLANG_WARN_ENUM_CONVERSION = YES;
				CLANG_WARN_INT_CONVERSION = YES;
				CLANG_WARN_OBJC_ROOT_CLASS = YES_ERROR;
				CLANG_WARN_UNREACHABLE_CODE = YES;
				CLANG_WARN__DUPLICATE_METHOD_MATCH = YES;
				"CODE_SIGN_IDENTITY[sdk=iphoneos*]" = "iPhone Developer";
				COPY_PHASE_STRIP = NO;
				ENABLE_STRICT_OBJC_MSGSEND = YES;
				GCC_C_LANGUAGE_STANDARD = gnu99;
				GCC_DYNAMIC_NO_PIC = NO;
				GCC_OPTIMIZATION_LEVEL = 0;
				GCC_PREPROCESSOR_DEFINITIONS = (
					"DEBUG=1",
					"$(inherited)",
				);
				GCC_SYMBOLS_PRIVATE_EXTERN = NO;
				GCC_WARN_64_TO_32_BIT_CONVERSION = YES;
				GCC_WARN_ABOUT_RETURN_TYPE = YES_ERROR;
				GCC_WARN_UNDECLARED_SELECTOR = YES;
				GCC_WARN_UNINITIALIZED_AUTOS = YES_AGGRESSIVE;
				GCC_WARN_UNUSED_FUNCTION = YES;
				GCC_WARN_UNUSED_VARIABLE = YES;
				IPHONEOS_DEPLOYMENT_TARGET = 8.1;
				MTL_ENABLE_DEBUG_INFO = YES;
				ONLY_ACTIVE_ARCH = YES;
				SDKROOT = iphoneos;
				SWIFT_OPTIMIZATION_LEVEL = "-Onone";
			};
			name = Debug;
		};
		2009B0AA1AB30EAD00452C4C /* Release */ = {
			isa = XCBuildConfiguration;
			buildSettings = {
				ALWAYS_SEARCH_USER_PATHS = NO;
				CLANG_CXX_LANGUAGE_STANDARD = "gnu++0x";
				CLANG_CXX_LIBRARY = "libc++";
				CLANG_ENABLE_MODULES = YES;
				CLANG_ENABLE_OBJC_ARC = YES;
				CLANG_WARN_BOOL_CONVERSION = YES;
				CLANG_WARN_CONSTANT_CONVERSION = YES;
				CLANG_WARN_DIRECT_OBJC_ISA_USAGE = YES_ERROR;
				CLANG_WARN_EMPTY_BODY = YES;
				CLANG_WARN_ENUM_CONVERSION = YES;
				CLANG_WARN_INT_CONVERSION = YES;
				CLANG_WARN_OBJC_ROOT_CLASS = YES_ERROR;
				CLANG_WARN_UNREACHABLE_CODE = YES;
				CLANG_WARN__DUPLICATE_METHOD_MATCH = YES;
				"CODE_SIGN_IDENTITY[sdk=iphoneos*]" = "iPhone Developer";
				COPY_PHASE_STRIP = YES;
				ENABLE_NS_ASSERTIONS = NO;
				ENABLE_STRICT_OBJC_MSGSEND = YES;
				GCC_C_LANGUAGE_STANDARD = gnu99;
				GCC_WARN_64_TO_32_BIT_CONVERSION = YES;
				GCC_WARN_ABOUT_RETURN_TYPE = YES_ERROR;
				GCC_WARN_UNDECLARED_SELECTOR = YES;
				GCC_WARN_UNINITIALIZED_AUTOS = YES_AGGRESSIVE;
				GCC_WARN_UNUSED_FUNCTION = YES;
				GCC_WARN_UNUSED_VARIABLE = YES;
				IPHONEOS_DEPLOYMENT_TARGET = 8.1;
				MTL_ENABLE_DEBUG_INFO = NO;
				SDKROOT = iphoneos;
				VALIDATE_PRODUCT = YES;
			};
			name = Release;
		};
		2009B0AC1AB30EAD00452C4C /* Debug */ = {
			isa = XCBuildConfiguration;
			buildSettings = {
				ASSETCATALOG_COMPILER_APPICON_NAME = AppIcon;
				INFOPLIST_FILE = JLinesV2/Info.plist;
				LD_RUNPATH_SEARCH_PATHS = "$(inherited) @executable_path/Frameworks";
				PRODUCT_NAME = "$(TARGET_NAME)";
			};
			name = Debug;
		};
		2009B0AD1AB30EAD00452C4C /* Release */ = {
			isa = XCBuildConfiguration;
			buildSettings = {
				ASSETCATALOG_COMPILER_APPICON_NAME = AppIcon;
				INFOPLIST_FILE = JLinesV2/Info.plist;
				LD_RUNPATH_SEARCH_PATHS = "$(inherited) @executable_path/Frameworks";
				PRODUCT_NAME = "$(TARGET_NAME)";
			};
			name = Release;
		};
		2009B0AF1AB30EAD00452C4C /* Debug */ = {
			isa = XCBuildConfiguration;
			buildSettings = {
				BUNDLE_LOADER = "$(TEST_HOST)";
				FRAMEWORK_SEARCH_PATHS = (
					"$(SDKROOT)/Developer/Library/Frameworks",
					"$(inherited)",
				);
				GCC_PREPROCESSOR_DEFINITIONS = (
					"DEBUG=1",
					"$(inherited)",
				);
				INFOPLIST_FILE = JLinesV2Tests/Info.plist;
				LD_RUNPATH_SEARCH_PATHS = "$(inherited) @executable_path/Frameworks @loader_path/Frameworks";
				PRODUCT_NAME = "$(TARGET_NAME)";
				TEST_HOST = "$(BUILT_PRODUCTS_DIR)/JLinesV2.app/JLinesV2";
			};
			name = Debug;
		};
		2009B0B01AB30EAD00452C4C /* Release */ = {
			isa = XCBuildConfiguration;
			buildSettings = {
				BUNDLE_LOADER = "$(TEST_HOST)";
				FRAMEWORK_SEARCH_PATHS = (
					"$(SDKROOT)/Developer/Library/Frameworks",
					"$(inherited)",
				);
				INFOPLIST_FILE = JLinesV2Tests/Info.plist;
				LD_RUNPATH_SEARCH_PATHS = "$(inherited) @executable_path/Frameworks @loader_path/Frameworks";
				PRODUCT_NAME = "$(TARGET_NAME)";
				TEST_HOST = "$(BUILT_PRODUCTS_DIR)/JLinesV2.app/JLinesV2";
			};
			name = Release;
		};
/* End XCBuildConfiguration section */

/* Begin XCConfigurationList section */
		2009B0841AB30EAD00452C4C /* Build configuration list for PBXProject "JLinesV2" */ = {
			isa = XCConfigurationList;
			buildConfigurations = (
				2009B0A91AB30EAD00452C4C /* Debug */,
				2009B0AA1AB30EAD00452C4C /* Release */,
			);
			defaultConfigurationIsVisible = 0;
			defaultConfigurationName = Release;
		};
		2009B0AB1AB30EAD00452C4C /* Build configuration list for PBXNativeTarget "JLinesV2" */ = {
			isa = XCConfigurationList;
			buildConfigurations = (
				2009B0AC1AB30EAD00452C4C /* Debug */,
				2009B0AD1AB30EAD00452C4C /* Release */,
			);
			defaultConfigurationIsVisible = 0;
		};
		2009B0AE1AB30EAD00452C4C /* Build configuration list for PBXNativeTarget "JLinesV2Tests" */ = {
			isa = XCConfigurationList;
			buildConfigurations = (
				2009B0AF1AB30EAD00452C4C /* Debug */,
				2009B0B01AB30EAD00452C4C /* Release */,
			);
			defaultConfigurationIsVisible = 0;
		};
/* End XCConfigurationList section */

/* Begin XCVersionGroup section */
		2009B0901AB30EAD00452C4C /* JLinesV2.xcdatamodeld */ = {
			isa = XCVersionGroup;
			children = (
				2009B0911AB30EAD00452C4C /* JLinesV2.xcdatamodel */,
			);
			currentVersion = 2009B0911AB30EAD00452C4C /* JLinesV2.xcdatamodel */;
			path = JLinesV2.xcdatamodeld;
			sourceTree = "<group>";
			versionGroupType = wrapper.xcdatamodel;
		};
/* End XCVersionGroup section */
	};
	rootObject = 2009B0811AB30EAD00452C4C /* Project object */;
}
